
Microsoft Visual Studio Solution File, Format Version 12.00
# Visual Studio Version 17
VisualStudioVersion = 17.3.32929.385
MinimumVisualStudioVersion = 10.0.40219.1
Project("{9A19103F-16F7-4668-BE54-9A1E7A4F7556}") = "AspxToCode", "AspxToCode\AspxToCode.csproj", "{71258BBE-4F15-4CDB-A8B4-59B2B799D0EC}"
EndProject
Project("{2150E333-8FDC-42A3-9474-1A3956D46DE8}") = "Solution Items", "Solution Items", "{DC38E88D-7A5C-4B39-8064-B269E74BBF85}"
	ProjectSection(SolutionItems) = preProject
		.editorconfig = .editorconfig
		License.txt = License.txt
		nuget.config = nuget.config
		README.md = README.md
	EndProjectSection
EndProject
Project("{2150E333-8FDC-42A3-9474-1A3956D46DE8}") = "Converter", "Converter", "{7E8F28BA-5D63-41F2-B64F-30E87D4B0E1D}"
EndProject
Project("{2150E333-8FDC-42A3-9474-1A3956D46DE8}") = "Templates", "Templates", "{76EFC5D2-8A13-4FCF-83E8-81D4E78958D9}"
EndProject
Project("{2150E333-8FDC-42A3-9474-1A3956D46DE8}") = "Libraries", "Libraries", "{483FCFDB-EDA2-48AA-9796-837CC5ADB129}"
EndProject
Project("{2150E333-8FDC-42A3-9474-1A3956D46DE8}") = "App", "App", "{043AC6DF-D0F9-4D3F-A408-88131CFE3AA6}"
EndProject
Project("{9A19103F-16F7-4668-BE54-9A1E7A4F7556}") = "SgmlReader", "Libraries\SgmlReader\SgmlReader.csproj", "{1BD95391-42DF-4506-B288-86AC25F85376}"
EndProject
Project("{9A19103F-16F7-4668-BE54-9A1E7A4F7556}") = "XmlFilter", "Libraries\XmlFilter\XmlFilter.csproj", "{9C221D59-E9ED-484F-A16B-3EDAD6BCC95B}"
EndProject
Project("{FAE04EC0-301F-11D3-BF4B-00C04F79EFBC}") = "ClassicAspMigration", "Templates\ClassicAspMigration\ClassicAspMigration.csproj", "{40D804BF-BF17-4957-9839-EE13A5F2FD76}"
EndProject
Global
	GlobalSection(SolutionConfigurationPlatforms) = preSolution
		Debug|Any CPU = Debug|Any CPU
		Release|Any CPU = Release|Any CPU
	EndGlobalSection
	GlobalSection(ProjectConfigurationPlatforms) = postSolution
		{71258BBE-4F15-4CDB-A8B4-59B2B799D0EC}.Debug|Any CPU.ActiveCfg = Debug|Any CPU
		{71258BBE-4F15-4CDB-A8B4-59B2B799D0EC}.Debug|Any CPU.Build.0 = Debug|Any CPU
		{71258BBE-4F15-4CDB-A8B4-59B2B799D0EC}.Release|Any CPU.ActiveCfg = Release|Any CPU
		{71258BBE-4F15-4CDB-A8B4-59B2B799D0EC}.Release|Any CPU.Build.0 = Release|Any CPU
		{1BD95391-42DF-4506-B288-86AC25F85376}.Debug|Any CPU.ActiveCfg = Debug|Any CPU
		{1BD95391-42DF-4506-B288-86AC25F85376}.Debug|Any CPU.Build.0 = Debug|Any CPU
		{1BD95391-42DF-4506-B288-86AC25F85376}.Release|Any CPU.ActiveCfg = Release|Any CPU
		{1BD95391-42DF-4506-B288-86AC25F85376}.Release|Any CPU.Build.0 = Release|Any CPU
		{9C221D59-E9ED-484F-A16B-3EDAD6BCC95B}.Debug|Any CPU.ActiveCfg = Debug|Any CPU
		{9C221D59-E9ED-484F-A16B-3EDAD6BCC95B}.Debug|Any CPU.Build.0 = Debug|Any CPU
		{9C221D59-E9ED-484F-A16B-3EDAD6BCC95B}.Release|Any CPU.ActiveCfg = Release|Any CPU
		{9C221D59-E9ED-484F-A16B-3EDAD6BCC95B}.Release|Any CPU.Build.0 = Release|Any CPU
		{40D804BF-BF17-4957-9839-EE13A5F2FD76}.Debug|Any CPU.ActiveCfg = Debug|Any CPU
		{40D804BF-BF17-4957-9839-EE13A5F2FD76}.Debug|Any CPU.Build.0 = Debug|Any CPU
		{40D804BF-BF17-4957-9839-EE13A5F2FD76}.Release|Any CPU.ActiveCfg = Release|Any CPU
		{40D804BF-BF17-4957-9839-EE13A5F2FD76}.Release|Any CPU.Build.0 = Release|Any CPU
	EndGlobalSection
	GlobalSection(SolutionProperties) = preSolution
		HideSolutionNode = FALSE
	EndGlobalSection
	GlobalSection(NestedProjects) = preSolution
		{71258BBE-4F15-4CDB-A8B4-59B2B799D0EC} = {043AC6DF-D0F9-4D3F-A408-88131CFE3AA6}
		{76EFC5D2-8A13-4FCF-83E8-81D4E78958D9} = {7E8F28BA-5D63-41F2-B64F-30E87D4B0E1D}
		{483FCFDB-EDA2-48AA-9796-837CC5ADB129} = {7E8F28BA-5D63-41F2-B64F-30E87D4B0E1D}
		{043AC6DF-D0F9-4D3F-A408-88131CFE3AA6} = {7E8F28BA-5D63-41F2-B64F-30E87D4B0E1D}
		{1BD95391-42DF-4506-B288-86AC25F85376} = {483FCFDB-EDA2-48AA-9796-837CC5ADB129}
		{9C221D59-E9ED-484F-A16B-3EDAD6BCC95B} = {483FCFDB-EDA2-48AA-9796-837CC5ADB129}
		{40D804BF-BF17-4957-9839-EE13A5F2FD76} = {76EFC5D2-8A13-4FCF-83E8-81D4E78958D9}
	EndGlobalSection
	GlobalSection(ExtensibilityGlobals) = postSolution
		SolutionGuid = {FAECE6A5-9645-4373-8D14-29C03229C38D}
	EndGlobalSection
EndGlobal
